
Microsoft Visual Studio Solution File, Format Version 12.00
# Visual Studio Version 18
VisualStudioVersion = 18.1.11312.151
MinimumVisualStudioVersion = 10.0.40219.1
Project("{FAE04EC0-301F-11D3-BF4B-00C04F79EFBC}") = "TaMi-Automatenclient", "TaMi-Automatenclient.csproj", "{FE24F5D5-BB21-49F3-8AF2-FA103F33E06C}"
EndProject
Project("{54435603-DBB4-11D2-8724-00A0C9A8B90C}") = "Automatenclient_Setup", "..\Automatenclient_Setup\Automatenclient_Setup.vdproj", "{C937FC83-F599-907C-9C3B-2159E5FA7BD5}"
EndProject
Global
	GlobalSection(SolutionConfigurationPlatforms) = preSolution
		Debug|Any CPU = Debug|Any CPU
		Release|Any CPU = Release|Any CPU
	EndGlobalSection
	GlobalSection(ProjectConfigurationPlatforms) = postSolution
		{FE24F5D5-BB21-49F3-8AF2-FA103F33E06C}.Debug|Any CPU.ActiveCfg = Debug|Any CPU
		{FE24F5D5-BB21-49F3-8AF2-FA103F33E06C}.Debug|Any CPU.Build.0 = Debug|Any CPU
		{FE24F5D5-BB21-49F3-8AF2-FA103F33E06C}.Release|Any CPU.ActiveCfg = Release|Any CPU
		{FE24F5D5-BB21-49F3-8AF2-FA103F33E06C}.Release|Any CPU.Build.0 = Release|Any CPU
		{C937FC83-F599-907C-9C3B-2159E5FA7BD5}.Debug|Any CPU.ActiveCfg = Debug
		{C937FC83-F599-907C-9C3B-2159E5FA7BD5}.Release|Any CPU.ActiveCfg = Release
	EndGlobalSection
	GlobalSection(SolutionProperties) = preSolution
		HideSolutionNode = FALSE
	EndGlobalSection
	GlobalSection(ExtensibilityGlobals) = postSolution
		SolutionGuid = {47BBCD1D-A8D6-47AE-9645-BAEE5FE369E4}
	EndGlobalSection
EndGlobal
